effective: |
  context:
  - /builds
  workdir: /app
  arg:
    TARGETPLATFORM: ''
  copy:
  - paths:
    - builds/${TARGETPLATFORM}/dofigen
    target: /bin/dofigen
    chmod: '555'
  entrypoint:
  - /bin/dofigen
  cmd:
  - --help
images: {}
resources:
  dofigen.yml:
    hash: 95a420edbdb40b289e59dda6f5ff2c0295aacf48a229ce39e86fddaa17eea59c
    content: |
      # Runtime
      workdir: /app
      # volume: /app
      arg:
        TARGETPLATFORM: ""
      copy:
        - paths: builds/${TARGETPLATFORM}/dofigen
          target: /bin/dofigen
          chmod: 555
      entrypoint: /bin/dofigen
      cmd: --help
      context:
        - "/builds"
